
Microsoft Visual Studio Solution File, Format Version 12.00
# Visual Studio Version 17
VisualStudioVersion = 17.13.35818.85 d17.13
MinimumVisualStudioVersion = 10.0.40219.1
Project("{FAE04EC0-301F-11D3-BF4B-00C04F79EFBC}") = "LabirentForm", "LabirentForm\LabirentForm.csproj", "{DDD18DF4-066C-44F6-8DCB-AB8700464EA3}"
EndProject
Global
	GlobalSection(SolutionConfigurationPlatforms) = preSolution
		Debug|Any CPU = Debug|Any CPU
		Release|Any CPU = Release|Any CPU
	EndGlobalSection
	GlobalSection(ProjectConfigurationPlatforms) = postSolution
		{DDD18DF4-066C-44F6-8DCB-AB8700464EA3}.Debug|Any CPU.ActiveCfg = Debug|Any CPU
		{DDD18DF4-066C-44F6-8DCB-AB8700464EA3}.Debug|Any CPU.Build.0 = Debug|Any CPU
		{DDD18DF4-066C-44F6-8DCB-AB8700464EA3}.Release|Any CPU.ActiveCfg = Release|Any CPU
		{DDD18DF4-066C-44F6-8DCB-AB8700464EA3}.Release|Any CPU.Build.0 = Release|Any CPU
	EndGlobalSection
	GlobalSection(SolutionProperties) = preSolution
		HideSolutionNode = FALSE
	EndGlobalSection
	GlobalSection(ExtensibilityGlobals) = postSolution
		SolutionGuid = {1416B0E8-B9CC-4C3B-9807-6CB1B40B1947}
	EndGlobalSection
EndGlobal
